
Microsoft Visual Studio Solution File, Format Version 12.00
# Visual Studio Version 17
VisualStudioVersion = 17.2.32516.85
MinimumVisualStudioVersion = 10.0.40219.1
Project("{FAE04EC0-301F-11D3-BF4B-00C04F79EFBC}") = "Login", "Login\Login.csproj", "{4F7998F8-F419-4376-A74F-0D0B18546DD1}"
EndProject
Global
	GlobalSection(SolutionConfigurationPlatforms) = preSolution
		Debug|Any CPU = Debug|Any CPU
		Release|Any CPU = Release|Any CPU
	EndGlobalSection
	GlobalSection(ProjectConfigurationPlatforms) = postSolution
		{4F7998F8-F419-4376-A74F-0D0B18546DD1}.Debug|Any CPU.ActiveCfg = Debug|Any CPU
		{4F7998F8-F419-4376-A74F-0D0B18546DD1}.Debug|Any CPU.Build.0 = Debug|Any CPU
		{4F7998F8-F419-4376-A74F-0D0B18546DD1}.Release|Any CPU.ActiveCfg = Release|Any CPU
		{4F7998F8-F419-4376-A74F-0D0B18546DD1}.Release|Any CPU.Build.0 = Release|Any CPU
	EndGlobalSection
	GlobalSection(SolutionProperties) = preSolution
		HideSolutionNode = FALSE
	EndGlobalSection
	GlobalSection(ExtensibilityGlobals) = postSolution
		SolutionGuid = {80B2F853-B41A-4EEB-8274-91702C3FDD3F}
	EndGlobalSection
EndGlobal
